
Microsoft Visual Studio Solution File, Format Version 12.00
# Visual Studio Version 16
VisualStudioVersion = 16.0.30114.105
MinimumVisualStudioVersion = 10.0.40219.1
Project("{FAE04EC0-301F-11D3-BF4B-00C04F79EFBC}") = "TransportationManagementSystem", "TransportationManagementSystem\TransportationManagementSystem.csproj", "{AF310012-FA3D-4D9A-A1C5-B3EA7D397553}"
EndProject
Global
	GlobalSection(SolutionConfigurationPlatforms) = preSolution
		Debug|Any CPU = Debug|Any CPU
		Release|Any CPU = Release|Any CPU
	EndGlobalSection
	GlobalSection(ProjectConfigurationPlatforms) = postSolution
		{AF310012-FA3D-4D9A-A1C5-B3EA7D397553}.Debug|Any CPU.ActiveCfg = Debug|Any CPU
		{AF310012-FA3D-4D9A-A1C5-B3EA7D397553}.Debug|Any CPU.Build.0 = Debug|Any CPU
		{AF310012-FA3D-4D9A-A1C5-B3EA7D397553}.Release|Any CPU.ActiveCfg = Release|Any CPU
		{AF310012-FA3D-4D9A-A1C5-B3EA7D397553}.Release|Any CPU.Build.0 = Release|Any CPU
	EndGlobalSection
	GlobalSection(SolutionProperties) = preSolution
		HideSolutionNode = FALSE
	EndGlobalSection
	GlobalSection(ExtensibilityGlobals) = postSolution
		SolutionGuid = {0E90588E-7B56-4CF8-917C-A3F0A28F5307}
	EndGlobalSection
EndGlobal
